
Microsoft Visual Studio Solution File, Format Version 12.00
Project("{FAE04EC0-301F-11D3-BF4B-00C04F79EFBC}") = "TrueCode", "TrueCode\TrueCode.csproj", "{AEC8E38E-F098-4AC6-AD65-13E12D0AF4B6}"
EndProject
Global
	GlobalSection(SolutionConfigurationPlatforms) = preSolution
		Debug|Any CPU = Debug|Any CPU
		Release|Any CPU = Release|Any CPU
	EndGlobalSection
	GlobalSection(ProjectConfigurationPlatforms) = postSolution
		{AEC8E38E-F098-4AC6-AD65-13E12D0AF4B6}.Debug|Any CPU.ActiveCfg = Debug|Any CPU
		{AEC8E38E-F098-4AC6-AD65-13E12D0AF4B6}.Debug|Any CPU.Build.0 = Debug|Any CPU
		{AEC8E38E-F098-4AC6-AD65-13E12D0AF4B6}.Release|Any CPU.ActiveCfg = Release|Any CPU
		{AEC8E38E-F098-4AC6-AD65-13E12D0AF4B6}.Release|Any CPU.Build.0 = Release|Any CPU
	EndGlobalSection
EndGlobal
